
Microsoft Visual Studio Solution File, Format Version 12.00
# Visual Studio Version 16
VisualStudioVersion = 16.0.30611.23
MinimumVisualStudioVersion = 10.0.40219.1
Project("{9A19103F-16F7-4668-BE54-9A1E7A4F7556}") = "MedPlatformAPI", "MedPlatformAPI\MedPlatformAPI.csproj", "{30AD782B-C01E-469A-8B16-036F981FE63B}"
EndProject
Project("{9A19103F-16F7-4668-BE54-9A1E7A4F7556}") = "Infrastructure", "Infrastructure\Infrastructure.csproj", "{9DDED4E1-FBD6-48E0-AF4A-0D4C36A78834}"
EndProject
Project("{9A19103F-16F7-4668-BE54-9A1E7A4F7556}") = "Core", "Core\Core.csproj", "{28F47413-F93A-4DCF-9589-58679EB83726}"
EndProject
Global
	GlobalSection(SolutionConfigurationPlatforms) = preSolution
		Debug|Any CPU = Debug|Any CPU
		Release|Any CPU = Release|Any CPU
	EndGlobalSection
	GlobalSection(ProjectConfigurationPlatforms) = postSolution
		{30AD782B-C01E-469A-8B16-036F981FE63B}.Debug|Any CPU.ActiveCfg = Debug|Any CPU
		{30AD782B-C01E-469A-8B16-036F981FE63B}.Debug|Any CPU.Build.0 = Debug|Any CPU
		{30AD782B-C01E-469A-8B16-036F981FE63B}.Release|Any CPU.ActiveCfg = Release|Any CPU
		{30AD782B-C01E-469A-8B16-036F981FE63B}.Release|Any CPU.Build.0 = Release|Any CPU
		{9DDED4E1-FBD6-48E0-AF4A-0D4C36A78834}.Debug|Any CPU.ActiveCfg = Debug|Any CPU
		{9DDED4E1-FBD6-48E0-AF4A-0D4C36A78834}.Debug|Any CPU.Build.0 = Debug|Any CPU
		{9DDED4E1-FBD6-48E0-AF4A-0D4C36A78834}.Release|Any CPU.ActiveCfg = Release|Any CPU
		{9DDED4E1-FBD6-48E0-AF4A-0D4C36A78834}.Release|Any CPU.Build.0 = Release|Any CPU
		{28F47413-F93A-4DCF-9589-58679EB83726}.Debug|Any CPU.ActiveCfg = Debug|Any CPU
		{28F47413-F93A-4DCF-9589-58679EB83726}.Debug|Any CPU.Build.0 = Debug|Any CPU
		{28F47413-F93A-4DCF-9589-58679EB83726}.Release|Any CPU.ActiveCfg = Release|Any CPU
		{28F47413-F93A-4DCF-9589-58679EB83726}.Release|Any CPU.Build.0 = Release|Any CPU
	EndGlobalSection
	GlobalSection(SolutionProperties) = preSolution
		HideSolutionNode = FALSE
	EndGlobalSection
	GlobalSection(ExtensibilityGlobals) = postSolution
		SolutionGuid = {4E941B6D-4F2B-4460-A56C-83467F85C911}
	EndGlobalSection
EndGlobal
